
Microsoft Visual Studio Solution File, Format Version 12.00
# Visual Studio 15
VisualStudioVersion = 15.0.34112.143
MinimumVisualStudioVersion = 10.0.40219.1
Project("{FAE04EC0-301F-11D3-BF4B-00C04F79EFBC}") = "ProductAndDyanmicDropdown", "ProductAndDyanmicDropdown\ProductAndDyanmicDropdown.csproj", "{DAEA66F5-800C-4B0F-9597-5B0F7DF5B891}"
EndProject
Global
	GlobalSection(SolutionConfigurationPlatforms) = preSolution
		Debug|Any CPU = Debug|Any CPU
		Release|Any CPU = Release|Any CPU
	EndGlobalSection
	GlobalSection(ProjectConfigurationPlatforms) = postSolution
		{DAEA66F5-800C-4B0F-9597-5B0F7DF5B891}.Debug|Any CPU.ActiveCfg = Debug|Any CPU
		{DAEA66F5-800C-4B0F-9597-5B0F7DF5B891}.Debug|Any CPU.Build.0 = Debug|Any CPU
		{DAEA66F5-800C-4B0F-9597-5B0F7DF5B891}.Release|Any CPU.ActiveCfg = Release|Any CPU
		{DAEA66F5-800C-4B0F-9597-5B0F7DF5B891}.Release|Any CPU.Build.0 = Release|Any CPU
	EndGlobalSection
	GlobalSection(SolutionProperties) = preSolution
		HideSolutionNode = FALSE
	EndGlobalSection
	GlobalSection(ExtensibilityGlobals) = postSolution
		SolutionGuid = {476CF0E5-5A07-44C0-B81B-6B74F3B1E137}
	EndGlobalSection
EndGlobal
