
Microsoft Visual Studio Solution File, Format Version 12.00
# Visual Studio Version 17
VisualStudioVersion = 17.8.34408.163
MinimumVisualStudioVersion = 10.0.40219.1
Project("{FAE04EC0-301F-11D3-BF4B-00C04F79EFBC}") = "WebApplication5", "WebApplication5\WebApplication5.csproj", "{35D56B51-148C-4171-B3A0-B70398EA3310}"
EndProject
Global
	GlobalSection(SolutionConfigurationPlatforms) = preSolution
		Debug|Any CPU = Debug|Any CPU
		Release|Any CPU = Release|Any CPU
	EndGlobalSection
	GlobalSection(ProjectConfigurationPlatforms) = postSolution
		{35D56B51-148C-4171-B3A0-B70398EA3310}.Debug|Any CPU.ActiveCfg = Debug|Any CPU
		{35D56B51-148C-4171-B3A0-B70398EA3310}.Debug|Any CPU.Build.0 = Debug|Any CPU
		{35D56B51-148C-4171-B3A0-B70398EA3310}.Release|Any CPU.ActiveCfg = Release|Any CPU
		{35D56B51-148C-4171-B3A0-B70398EA3310}.Release|Any CPU.Build.0 = Release|Any CPU
	EndGlobalSection
	GlobalSection(SolutionProperties) = preSolution
		HideSolutionNode = FALSE
	EndGlobalSection
	GlobalSection(ExtensibilityGlobals) = postSolution
		SolutionGuid = {2D9472D8-20DB-47AE-A75B-521BBD370A40}
	EndGlobalSection
EndGlobal
