
Microsoft Visual Studio Solution File, Format Version 12.00
# Visual Studio Version 17
VisualStudioVersion = 17.8.34408.163
MinimumVisualStudioVersion = 10.0.40219.1
Project("{FAE04EC0-301F-11D3-BF4B-00C04F79EFBC}") = "WebApplication9", "WebApplication9\WebApplication9.csproj", "{D09546C4-D82E-43BC-8C8B-E60A9C10FEB5}"
EndProject
Global
	GlobalSection(SolutionConfigurationPlatforms) = preSolution
		Debug|Any CPU = Debug|Any CPU
		Release|Any CPU = Release|Any CPU
	EndGlobalSection
	GlobalSection(ProjectConfigurationPlatforms) = postSolution
		{D09546C4-D82E-43BC-8C8B-E60A9C10FEB5}.Debug|Any CPU.ActiveCfg = Debug|Any CPU
		{D09546C4-D82E-43BC-8C8B-E60A9C10FEB5}.Debug|Any CPU.Build.0 = Debug|Any CPU
		{D09546C4-D82E-43BC-8C8B-E60A9C10FEB5}.Release|Any CPU.ActiveCfg = Release|Any CPU
		{D09546C4-D82E-43BC-8C8B-E60A9C10FEB5}.Release|Any CPU.Build.0 = Release|Any CPU
	EndGlobalSection
	GlobalSection(SolutionProperties) = preSolution
		HideSolutionNode = FALSE
	EndGlobalSection
	GlobalSection(ExtensibilityGlobals) = postSolution
		SolutionGuid = {37D9DBFE-7E80-437D-89D5-7FFD846B0538}
	EndGlobalSection
EndGlobal
