
Microsoft Visual Studio Solution File, Format Version 12.00
# Visual Studio 15
VisualStudioVersion = 15.0.34112.143
MinimumVisualStudioVersion = 10.0.40219.1
Project("{FAE04EC0-301F-11D3-BF4B-00C04F79EFBC}") = "CustomBinder", "CustomBinder\CustomBinder.csproj", "{329537AA-FC21-4200-A176-194A4E45F83E}"
EndProject
Global
	GlobalSection(SolutionConfigurationPlatforms) = preSolution
		Debug|Any CPU = Debug|Any CPU
		Release|Any CPU = Release|Any CPU
	EndGlobalSection
	GlobalSection(ProjectConfigurationPlatforms) = postSolution
		{329537AA-FC21-4200-A176-194A4E45F83E}.Debug|Any CPU.ActiveCfg = Debug|Any CPU
		{329537AA-FC21-4200-A176-194A4E45F83E}.Debug|Any CPU.Build.0 = Debug|Any CPU
		{329537AA-FC21-4200-A176-194A4E45F83E}.Release|Any CPU.ActiveCfg = Release|Any CPU
		{329537AA-FC21-4200-A176-194A4E45F83E}.Release|Any CPU.Build.0 = Release|Any CPU
	EndGlobalSection
	GlobalSection(SolutionProperties) = preSolution
		HideSolutionNode = FALSE
	EndGlobalSection
	GlobalSection(ExtensibilityGlobals) = postSolution
		SolutionGuid = {00E20C72-5923-4045-ADE4-3E2599C5C98F}
	EndGlobalSection
EndGlobal
