
Microsoft Visual Studio Solution File, Format Version 12.00
# Visual Studio Version 17
VisualStudioVersion = 17.8.34330.188
MinimumVisualStudioVersion = 10.0.40219.1
Project("{FAE04EC0-301F-11D3-BF4B-00C04F79EFBC}") = "DatabaseOperations", "DatabaseOperations\DatabaseOperations.csproj", "{8959165F-F6BA-4603-9C38-844F70963481}"
EndProject
Global
	GlobalSection(SolutionConfigurationPlatforms) = preSolution
		Debug|Any CPU = Debug|Any CPU
		Release|Any CPU = Release|Any CPU
	EndGlobalSection
	GlobalSection(ProjectConfigurationPlatforms) = postSolution
		{8959165F-F6BA-4603-9C38-844F70963481}.Debug|Any CPU.ActiveCfg = Debug|Any CPU
		{8959165F-F6BA-4603-9C38-844F70963481}.Debug|Any CPU.Build.0 = Debug|Any CPU
		{8959165F-F6BA-4603-9C38-844F70963481}.Release|Any CPU.ActiveCfg = Release|Any CPU
		{8959165F-F6BA-4603-9C38-844F70963481}.Release|Any CPU.Build.0 = Release|Any CPU
	EndGlobalSection
	GlobalSection(SolutionProperties) = preSolution
		HideSolutionNode = FALSE
	EndGlobalSection
	GlobalSection(ExtensibilityGlobals) = postSolution
		SolutionGuid = {ACB25654-B706-4C15-B050-D765CDCA1AEE}
	EndGlobalSection
EndGlobal
