
Microsoft Visual Studio Solution File, Format Version 12.00
# Visual Studio Version 17
VisualStudioVersion = 17.8.34408.163
MinimumVisualStudioVersion = 10.0.40219.1
Project("{FAE04EC0-301F-11D3-BF4B-00C04F79EFBC}") = "FirstWebSite", "FirstWebSite\FirstWebSite.csproj", "{EB2D7FB5-008A-4097-92A3-4CECE99ABDB0}"
EndProject
Global
	GlobalSection(SolutionConfigurationPlatforms) = preSolution
		Debug|Any CPU = Debug|Any CPU
		Release|Any CPU = Release|Any CPU
	EndGlobalSection
	GlobalSection(ProjectConfigurationPlatforms) = postSolution
		{EB2D7FB5-008A-4097-92A3-4CECE99ABDB0}.Debug|Any CPU.ActiveCfg = Debug|Any CPU
		{EB2D7FB5-008A-4097-92A3-4CECE99ABDB0}.Debug|Any CPU.Build.0 = Debug|Any CPU
		{EB2D7FB5-008A-4097-92A3-4CECE99ABDB0}.Release|Any CPU.ActiveCfg = Release|Any CPU
		{EB2D7FB5-008A-4097-92A3-4CECE99ABDB0}.Release|Any CPU.Build.0 = Release|Any CPU
	EndGlobalSection
	GlobalSection(SolutionProperties) = preSolution
		HideSolutionNode = FALSE
	EndGlobalSection
	GlobalSection(ExtensibilityGlobals) = postSolution
		SolutionGuid = {422A021B-79FF-4444-A170-F15C0E86B81A}
	EndGlobalSection
EndGlobal
